
Microsoft Visual Studio Solution File, Format Version 12.00
# Visual Studio 15
VisualStudioVersion = 15.0.27130.2026
MinimumVisualStudioVersion = 15.0.26711.1
Project("{2150E333-8FDC-42A3-9474-1A3956D46DE8}") = "Solution Items", "Solution Items", "{D38E547B-EABE-40FC-80B9-7AD8CB41374F}"
	ProjectSection(SolutionItems) = preProject
		appveyor.yml = appveyor.yml
		Directory.Build.props = Directory.Build.props
	EndProjectSection
EndProject
Project("{9A19103F-16F7-4668-BE54-9A1E7A4F7556}") = "Tests", "Tests\Tests.csproj", "{EAF30D0B-801D-44EC-9FC7-F7E08FD3A59A}"
EndProject
Project("{9A19103F-16F7-4668-BE54-9A1E7A4F7556}") = "Alt.SharePoint2013.CSOM", "Alt.SharePoint2013.CSOM\Alt.SharePoint2013.CSOM.csproj", "{CA7978CD-5B1D-4546-A34F-84ECB1217946}"
EndProject
Project("{9A19103F-16F7-4668-BE54-9A1E7A4F7556}") = "Alt.SharePoint2013.CSOM.Min", "Alt.SharePoint2013.CSOM.Min\Alt.SharePoint2013.CSOM.Min.csproj", "{E06FB058-999C-42C8-BDA2-5EC950A4F363}"
EndProject
Project("{9A19103F-16F7-4668-BE54-9A1E7A4F7556}") = "Alt.SharePoint2016.CSOM", "Alt.SharePoint2016.CSOM\Alt.SharePoint2016.CSOM.csproj", "{51C66357-47D2-43C0-9BF9-9C1EC4BF5EE2}"
EndProject
Project("{9A19103F-16F7-4668-BE54-9A1E7A4F7556}") = "Alt.SharePoint2016.CSOM.Min", "Alt.SharePoint2016.CSOM.Min\Alt.SharePoint2016.CSOM.Min.csproj", "{2B90C5BB-98DE-4E44-986E-1E416935485B}"
EndProject
Project("{9A19103F-16F7-4668-BE54-9A1E7A4F7556}") = "Alt.SharePointOnline.CSOM", "Alt.SharePointOnline.CSOM\Alt.SharePointOnline.CSOM.csproj", "{01758914-2DD3-4D6E-8089-6A18AA4F711F}"
EndProject
Project("{9A19103F-16F7-4668-BE54-9A1E7A4F7556}") = "Alt.SharePointOnline.CSOM.Min", "Alt.SharePointOnline.CSOM.Min\Alt.SharePointOnline.CSOM.Min.csproj", "{1C59ECAB-E7BD-4C6A-BCAB-84AED59F219C}"
EndProject
Project("{9A19103F-16F7-4668-BE54-9A1E7A4F7556}") = "Alt.SharePoint2013.CSOM.Min.Mocks", "Alt.SharePoint2013.CSOM.Min.Mocks\Alt.SharePoint2013.CSOM.Min.Mocks.csproj", "{BFE6DB6F-BE3F-4672-9FC3-C4018CE7EE5C}"
EndProject
Project("{9A19103F-16F7-4668-BE54-9A1E7A4F7556}") = "Alt.SharePoint2013.CSOM.Mocks", "Alt.SharePoint2013.CSOM.Mocks\Alt.SharePoint2013.CSOM.Mocks.csproj", "{1CFC02A9-8447-41DF-AB80-FCFE124EB30F}"
EndProject
Project("{9A19103F-16F7-4668-BE54-9A1E7A4F7556}") = "Alt.SharePoint2016.CSOM.Min.Mocks", "Alt.SharePoint2016.CSOM.Min.Mocks\Alt.SharePoint2016.CSOM.Min.Mocks.csproj", "{FBB172AB-B459-437C-95E0-45DB13F22578}"
EndProject
Project("{9A19103F-16F7-4668-BE54-9A1E7A4F7556}") = "Alt.SharePoint2016.CSOM.Mocks", "Alt.SharePoint2016.CSOM.Mocks\Alt.SharePoint2016.CSOM.Mocks.csproj", "{23C0F1A3-F0FD-42C9-8E63-EE006E7242BE}"
EndProject
Project("{9A19103F-16F7-4668-BE54-9A1E7A4F7556}") = "Alt.SharePointOnline.CSOM.Min.Mocks", "Alt.SharePointOnline.CSOM.Min.Mocks\Alt.SharePointOnline.CSOM.Min.Mocks.csproj", "{982955BE-15A7-4603-8590-EE3CF2226A66}"
EndProject
Project("{9A19103F-16F7-4668-BE54-9A1E7A4F7556}") = "Alt.SharePointOnline.CSOM.Mocks", "Alt.SharePointOnline.CSOM.Mocks\Alt.SharePointOnline.CSOM.Mocks.csproj", "{FCCA1B6A-1F5F-4CDE-994C-95EFD2DCB125}"
EndProject
Global
	GlobalSection(SolutionConfigurationPlatforms) = preSolution
		ConvertOnly|Any CPU = ConvertOnly|Any CPU
		Debug|Any CPU = Debug|Any CPU
		Release|Any CPU = Release|Any CPU
	EndGlobalSection
	GlobalSection(ProjectConfigurationPlatforms) = postSolution
		{EAF30D0B-801D-44EC-9FC7-F7E08FD3A59A}.ConvertOnly|Any CPU.ActiveCfg = Debug|Any CPU
		{EAF30D0B-801D-44EC-9FC7-F7E08FD3A59A}.ConvertOnly|Any CPU.Build.0 = Debug|Any CPU
		{EAF30D0B-801D-44EC-9FC7-F7E08FD3A59A}.Debug|Any CPU.ActiveCfg = Debug|Any CPU
		{EAF30D0B-801D-44EC-9FC7-F7E08FD3A59A}.Debug|Any CPU.Build.0 = Debug|Any CPU
		{EAF30D0B-801D-44EC-9FC7-F7E08FD3A59A}.Release|Any CPU.ActiveCfg = Release|Any CPU
		{EAF30D0B-801D-44EC-9FC7-F7E08FD3A59A}.Release|Any CPU.Build.0 = Release|Any CPU
		{CA7978CD-5B1D-4546-A34F-84ECB1217946}.ConvertOnly|Any CPU.ActiveCfg = Release|Any CPU
		{CA7978CD-5B1D-4546-A34F-84ECB1217946}.Debug|Any CPU.ActiveCfg = Debug|Any CPU
		{CA7978CD-5B1D-4546-A34F-84ECB1217946}.Debug|Any CPU.Build.0 = Debug|Any CPU
		{CA7978CD-5B1D-4546-A34F-84ECB1217946}.Release|Any CPU.ActiveCfg = Release|Any CPU
		{CA7978CD-5B1D-4546-A34F-84ECB1217946}.Release|Any CPU.Build.0 = Release|Any CPU
		{E06FB058-999C-42C8-BDA2-5EC950A4F363}.ConvertOnly|Any CPU.ActiveCfg = Release|Any CPU
		{E06FB058-999C-42C8-BDA2-5EC950A4F363}.Debug|Any CPU.ActiveCfg = Debug|Any CPU
		{E06FB058-999C-42C8-BDA2-5EC950A4F363}.Debug|Any CPU.Build.0 = Debug|Any CPU
		{E06FB058-999C-42C8-BDA2-5EC950A4F363}.Release|Any CPU.ActiveCfg = Release|Any CPU
		{E06FB058-999C-42C8-BDA2-5EC950A4F363}.Release|Any CPU.Build.0 = Release|Any CPU
		{51C66357-47D2-43C0-9BF9-9C1EC4BF5EE2}.ConvertOnly|Any CPU.ActiveCfg = Release|Any CPU
		{51C66357-47D2-43C0-9BF9-9C1EC4BF5EE2}.Debug|Any CPU.ActiveCfg = Debug|Any CPU
		{51C66357-47D2-43C0-9BF9-9C1EC4BF5EE2}.Debug|Any CPU.Build.0 = Debug|Any CPU
		{51C66357-47D2-43C0-9BF9-9C1EC4BF5EE2}.Release|Any CPU.ActiveCfg = Release|Any CPU
		{51C66357-47D2-43C0-9BF9-9C1EC4BF5EE2}.Release|Any CPU.Build.0 = Release|Any CPU
		{2B90C5BB-98DE-4E44-986E-1E416935485B}.ConvertOnly|Any CPU.ActiveCfg = Release|Any CPU
		{2B90C5BB-98DE-4E44-986E-1E416935485B}.Debug|Any CPU.ActiveCfg = Debug|Any CPU
		{2B90C5BB-98DE-4E44-986E-1E416935485B}.Debug|Any CPU.Build.0 = Debug|Any CPU
		{2B90C5BB-98DE-4E44-986E-1E416935485B}.Release|Any CPU.ActiveCfg = Release|Any CPU
		{2B90C5BB-98DE-4E44-986E-1E416935485B}.Release|Any CPU.Build.0 = Release|Any CPU
		{01758914-2DD3-4D6E-8089-6A18AA4F711F}.ConvertOnly|Any CPU.ActiveCfg = Release|Any CPU
		{01758914-2DD3-4D6E-8089-6A18AA4F711F}.Debug|Any CPU.ActiveCfg = Debug|Any CPU
		{01758914-2DD3-4D6E-8089-6A18AA4F711F}.Debug|Any CPU.Build.0 = Debug|Any CPU
		{01758914-2DD3-4D6E-8089-6A18AA4F711F}.Release|Any CPU.ActiveCfg = Release|Any CPU
		{01758914-2DD3-4D6E-8089-6A18AA4F711F}.Release|Any CPU.Build.0 = Release|Any CPU
		{1C59ECAB-E7BD-4C6A-BCAB-84AED59F219C}.ConvertOnly|Any CPU.ActiveCfg = Release|Any CPU
		{1C59ECAB-E7BD-4C6A-BCAB-84AED59F219C}.Debug|Any CPU.ActiveCfg = Debug|Any CPU
		{1C59ECAB-E7BD-4C6A-BCAB-84AED59F219C}.Debug|Any CPU.Build.0 = Debug|Any CPU
		{1C59ECAB-E7BD-4C6A-BCAB-84AED59F219C}.Release|Any CPU.ActiveCfg = Release|Any CPU
		{1C59ECAB-E7BD-4C6A-BCAB-84AED59F219C}.Release|Any CPU.Build.0 = Release|Any CPU
		{BFE6DB6F-BE3F-4672-9FC3-C4018CE7EE5C}.ConvertOnly|Any CPU.ActiveCfg = Release|Any CPU
		{BFE6DB6F-BE3F-4672-9FC3-C4018CE7EE5C}.Debug|Any CPU.ActiveCfg = Debug|Any CPU
		{BFE6DB6F-BE3F-4672-9FC3-C4018CE7EE5C}.Debug|Any CPU.Build.0 = Debug|Any CPU
		{BFE6DB6F-BE3F-4672-9FC3-C4018CE7EE5C}.Release|Any CPU.ActiveCfg = Release|Any CPU
		{BFE6DB6F-BE3F-4672-9FC3-C4018CE7EE5C}.Release|Any CPU.Build.0 = Release|Any CPU
		{1CFC02A9-8447-41DF-AB80-FCFE124EB30F}.ConvertOnly|Any CPU.ActiveCfg = Release|Any CPU
		{1CFC02A9-8447-41DF-AB80-FCFE124EB30F}.Debug|Any CPU.ActiveCfg = Debug|Any CPU
		{1CFC02A9-8447-41DF-AB80-FCFE124EB30F}.Debug|Any CPU.Build.0 = Debug|Any CPU
		{1CFC02A9-8447-41DF-AB80-FCFE124EB30F}.Release|Any CPU.ActiveCfg = Release|Any CPU
		{1CFC02A9-8447-41DF-AB80-FCFE124EB30F}.Release|Any CPU.Build.0 = Release|Any CPU
		{FBB172AB-B459-437C-95E0-45DB13F22578}.ConvertOnly|Any CPU.ActiveCfg = Release|Any CPU
		{FBB172AB-B459-437C-95E0-45DB13F22578}.Debug|Any CPU.ActiveCfg = Debug|Any CPU
		{FBB172AB-B459-437C-95E0-45DB13F22578}.Debug|Any CPU.Build.0 = Debug|Any CPU
		{FBB172AB-B459-437C-95E0-45DB13F22578}.Release|Any CPU.ActiveCfg = Release|Any CPU
		{FBB172AB-B459-437C-95E0-45DB13F22578}.Release|Any CPU.Build.0 = Release|Any CPU
		{23C0F1A3-F0FD-42C9-8E63-EE006E7242BE}.ConvertOnly|Any CPU.ActiveCfg = Release|Any CPU
		{23C0F1A3-F0FD-42C9-8E63-EE006E7242BE}.Debug|Any CPU.ActiveCfg = Debug|Any CPU
		{23C0F1A3-F0FD-42C9-8E63-EE006E7242BE}.Debug|Any CPU.Build.0 = Debug|Any CPU
		{23C0F1A3-F0FD-42C9-8E63-EE006E7242BE}.Release|Any CPU.ActiveCfg = Release|Any CPU
		{23C0F1A3-F0FD-42C9-8E63-EE006E7242BE}.Release|Any CPU.Build.0 = Release|Any CPU
		{982955BE-15A7-4603-8590-EE3CF2226A66}.ConvertOnly|Any CPU.ActiveCfg = Release|Any CPU
		{982955BE-15A7-4603-8590-EE3CF2226A66}.Debug|Any CPU.ActiveCfg = Debug|Any CPU
		{982955BE-15A7-4603-8590-EE3CF2226A66}.Debug|Any CPU.Build.0 = Debug|Any CPU
		{982955BE-15A7-4603-8590-EE3CF2226A66}.Release|Any CPU.ActiveCfg = Release|Any CPU
		{982955BE-15A7-4603-8590-EE3CF2226A66}.Release|Any CPU.Build.0 = Release|Any CPU
		{FCCA1B6A-1F5F-4CDE-994C-95EFD2DCB125}.ConvertOnly|Any CPU.ActiveCfg = Release|Any CPU
		{FCCA1B6A-1F5F-4CDE-994C-95EFD2DCB125}.Debug|Any CPU.ActiveCfg = Debug|Any CPU
		{FCCA1B6A-1F5F-4CDE-994C-95EFD2DCB125}.Debug|Any CPU.Build.0 = Debug|Any CPU
		{FCCA1B6A-1F5F-4CDE-994C-95EFD2DCB125}.Release|Any CPU.ActiveCfg = Release|Any CPU
		{FCCA1B6A-1F5F-4CDE-994C-95EFD2DCB125}.Release|Any CPU.Build.0 = Release|Any CPU
	EndGlobalSection
	GlobalSection(SolutionProperties) = preSolution
		HideSolutionNode = FALSE
	EndGlobalSection
	GlobalSection(ExtensibilityGlobals) = postSolution
		SolutionGuid = {4A599E60-1A56-419D-9383-5D8018993E87}
	EndGlobalSection
EndGlobal
